
Microsoft Visual Studio Solution File, Format Version 12.00
# Visual Studio Version 17
VisualStudioVersion = 17.13.35931.197
MinimumVisualStudioVersion = 10.0.40219.1
Project("{FAE04EC0-301F-11D3-BF4B-00C04F79EFBC}") = "C#", "C#.csproj", "{086C8A44-D9EE-4296-B0AE-F5DE3FDD3BC3}"
EndProject
Project("{FAE04EC0-301F-11D3-BF4B-00C04F79EFBC}") = "LR4.Core", "LR4.Core\LR4.Core.csproj", "{CF5FE729-5432-4E22-BBB5-1495A6BBA1BE}"
EndProject
Global
	GlobalSection(SolutionConfigurationPlatforms) = preSolution
		Debug|Any CPU = Debug|Any CPU
		Debug|x64 = Debug|x64
		Debug|x86 = Debug|x86
		Release|Any CPU = Release|Any CPU
		Release|x64 = Release|x64
		Release|x86 = Release|x86
	EndGlobalSection
	GlobalSection(ProjectConfigurationPlatforms) = postSolution
		{086C8A44-D9EE-4296-B0AE-F5DE3FDD3BC3}.Debug|Any CPU.ActiveCfg = Debug|Any CPU
		{086C8A44-D9EE-4296-B0AE-F5DE3FDD3BC3}.Debug|Any CPU.Build.0 = Debug|Any CPU
		{086C8A44-D9EE-4296-B0AE-F5DE3FDD3BC3}.Debug|x64.ActiveCfg = Debug|Any CPU
		{086C8A44-D9EE-4296-B0AE-F5DE3FDD3BC3}.Debug|x64.Build.0 = Debug|Any CPU
		{086C8A44-D9EE-4296-B0AE-F5DE3FDD3BC3}.Debug|x86.ActiveCfg = Debug|Any CPU
		{086C8A44-D9EE-4296-B0AE-F5DE3FDD3BC3}.Debug|x86.Build.0 = Debug|Any CPU
		{086C8A44-D9EE-4296-B0AE-F5DE3FDD3BC3}.Release|Any CPU.ActiveCfg = Release|Any CPU
		{086C8A44-D9EE-4296-B0AE-F5DE3FDD3BC3}.Release|Any CPU.Build.0 = Release|Any CPU
		{086C8A44-D9EE-4296-B0AE-F5DE3FDD3BC3}.Release|x64.ActiveCfg = Release|Any CPU
		{086C8A44-D9EE-4296-B0AE-F5DE3FDD3BC3}.Release|x64.Build.0 = Release|Any CPU
		{086C8A44-D9EE-4296-B0AE-F5DE3FDD3BC3}.Release|x86.ActiveCfg = Release|Any CPU
		{086C8A44-D9EE-4296-B0AE-F5DE3FDD3BC3}.Release|x86.Build.0 = Release|Any CPU
		{CF5FE729-5432-4E22-BBB5-1495A6BBA1BE}.Debug|Any CPU.ActiveCfg = Debug|Any CPU
		{CF5FE729-5432-4E22-BBB5-1495A6BBA1BE}.Debug|Any CPU.Build.0 = Debug|Any CPU
		{CF5FE729-5432-4E22-BBB5-1495A6BBA1BE}.Debug|x64.ActiveCfg = Debug|Any CPU
		{CF5FE729-5432-4E22-BBB5-1495A6BBA1BE}.Debug|x64.Build.0 = Debug|Any CPU
		{CF5FE729-5432-4E22-BBB5-1495A6BBA1BE}.Debug|x86.ActiveCfg = Debug|Any CPU
		{CF5FE729-5432-4E22-BBB5-1495A6BBA1BE}.Debug|x86.Build.0 = Debug|Any CPU
		{CF5FE729-5432-4E22-BBB5-1495A6BBA1BE}.Release|Any CPU.ActiveCfg = Release|Any CPU
		{CF5FE729-5432-4E22-BBB5-1495A6BBA1BE}.Release|Any CPU.Build.0 = Release|Any CPU
		{CF5FE729-5432-4E22-BBB5-1495A6BBA1BE}.Release|x64.ActiveCfg = Release|Any CPU
		{CF5FE729-5432-4E22-BBB5-1495A6BBA1BE}.Release|x64.Build.0 = Release|Any CPU
		{CF5FE729-5432-4E22-BBB5-1495A6BBA1BE}.Release|x86.ActiveCfg = Release|Any CPU
		{CF5FE729-5432-4E22-BBB5-1495A6BBA1BE}.Release|x86.Build.0 = Release|Any CPU
	EndGlobalSection
	GlobalSection(SolutionProperties) = preSolution
		HideSolutionNode = FALSE
	EndGlobalSection
	GlobalSection(ExtensibilityGlobals) = postSolution
		SolutionGuid = {B6F44AF6-9B7C-4F9A-AE7F-72F200F92440}
	EndGlobalSection
EndGlobal
