
Microsoft Visual Studio Solution File, Format Version 12.00
# Visual Studio Version 17
VisualStudioVersion = 17.13.35931.197 d17.13
MinimumVisualStudioVersion = 10.0.40219.1
Project("{FAE04EC0-301F-11D3-BF4B-00C04F79EFBC}") = "C#", "C#.csproj", "{086C8A44-D9EE-4296-B0AE-F5DE3FDD3BC3}"
EndProject
Global
	GlobalSection(SolutionConfigurationPlatforms) = preSolution
		Debug|Any CPU = Debug|Any CPU
		Release|Any CPU = Release|Any CPU
	EndGlobalSection
	GlobalSection(ProjectConfigurationPlatforms) = postSolution
		{086C8A44-D9EE-4296-B0AE-F5DE3FDD3BC3}.Debug|Any CPU.ActiveCfg = Debug|Any CPU
		{086C8A44-D9EE-4296-B0AE-F5DE3FDD3BC3}.Debug|Any CPU.Build.0 = Debug|Any CPU
		{086C8A44-D9EE-4296-B0AE-F5DE3FDD3BC3}.Release|Any CPU.ActiveCfg = Release|Any CPU
		{086C8A44-D9EE-4296-B0AE-F5DE3FDD3BC3}.Release|Any CPU.Build.0 = Release|Any CPU
	EndGlobalSection
	GlobalSection(SolutionProperties) = preSolution
		HideSolutionNode = FALSE
	EndGlobalSection
	GlobalSection(ExtensibilityGlobals) = postSolution
		SolutionGuid = {B6F44AF6-9B7C-4F9A-AE7F-72F200F92440}
	EndGlobalSection
EndGlobal
